
Microsoft Visual Studio Solution File, Format Version 12.00
# Visual Studio Version 17
VisualStudioVersion = 17.13.35931.197 d17.13
MinimumVisualStudioVersion = 10.0.40219.1
Project("{FAE04EC0-301F-11D3-BF4B-00C04F79EFBC}") = "LESSON-GitHub_HOMEWORK-3", "LESSON-GitHub_HOMEWORK-3\LESSON-GitHub_HOMEWORK-3.csproj", "{8778BEF6-A8FA-48F5-A753-ACBE2D08B399}"
EndProject
Global
	GlobalSection(SolutionConfigurationPlatforms) = preSolution
		Debug|Any CPU = Debug|Any CPU
		Release|Any CPU = Release|Any CPU
	EndGlobalSection
	GlobalSection(ProjectConfigurationPlatforms) = postSolution
		{8778BEF6-A8FA-48F5-A753-ACBE2D08B399}.Debug|Any CPU.ActiveCfg = Debug|Any CPU
		{8778BEF6-A8FA-48F5-A753-ACBE2D08B399}.Debug|Any CPU.Build.0 = Debug|Any CPU
		{8778BEF6-A8FA-48F5-A753-ACBE2D08B399}.Release|Any CPU.ActiveCfg = Release|Any CPU
		{8778BEF6-A8FA-48F5-A753-ACBE2D08B399}.Release|Any CPU.Build.0 = Release|Any CPU
	EndGlobalSection
	GlobalSection(SolutionProperties) = preSolution
		HideSolutionNode = FALSE
	EndGlobalSection
	GlobalSection(ExtensibilityGlobals) = postSolution
		SolutionGuid = {52128D4B-FFDB-4641-8D69-828E7C6F497F}
	EndGlobalSection
EndGlobal
